// !$*UTF8*$!
{
	archiveVersion = 1;
	classes = {
	};
	objectVersion = 46;
	objects = {

/* Begin PBXBuildFile section */
		AC127B5E1CB3722E006A4408 /* main.cpp in Sources */ = {isa = PBXBuildFile; fileRef = AC127B5D1CB3722E006A4408 /* main.cpp */; };
		AC127B651CB37284006A4408 /* GLUT.framework in Frameworks */ = {isa = PBXBuildFile; fileRef = AC127B641CB37284006A4408 /* GLUT.framework */; };
		AC127B671CB372B4006A4408 /* OpenGL.framework in Frameworks */ = {isa = PBXBuildFile; fileRef = AC127B661CB372B4006A4408 /* OpenGL.framework */; };
		ACD23E031CB3C89000022267 /* Matrix2f.cpp in Sources */ = {isa = PBXBuildFile; fileRef = ACD23DF41CB3C89000022267 /* Matrix2f.cpp */; };
		ACD23E041CB3C89000022267 /* Matrix3f.cpp in Sources */ = {isa = PBXBuildFile; fileRef = ACD23DF61CB3C89000022267 /* Matrix3f.cpp */; };
		ACD23E051CB3C89000022267 /* Matrix4f.cpp in Sources */ = {isa = PBXBuildFile; fileRef = ACD23DF81CB3C89000022267 /* Matrix4f.cpp */; };
		ACD23E061CB3C89000022267 /* Quat4f.cpp in Sources */ = {isa = PBXBuildFile; fileRef = ACD23DFA1CB3C89000022267 /* Quat4f.cpp */; };
		ACD23E071CB3C89000022267 /* Vector2f.cpp in Sources */ = {isa = PBXBuildFile; fileRef = ACD23DFD1CB3C89000022267 /* Vector2f.cpp */; };
		ACD23E081CB3C89000022267 /* Vector3f.cpp in Sources */ = {isa = PBXBuildFile; fileRef = ACD23DFF1CB3C89000022267 /* Vector3f.cpp */; };
		ACD23E091CB3C89000022267 /* Vector4f.cpp in Sources */ = {isa = PBXBuildFile; fileRef = ACD23E011CB3C89000022267 /* Vector4f.cpp */; };
/* End PBXBuildFile section */

/* Begin PBXCopyFilesBuildPhase section */
		AC127B581CB3722E006A4408 /* CopyFiles */ = {
			isa = PBXCopyFilesBuildPhase;
			buildActionMask = 2147483647;
			dstPath = /usr/share/man/man1/;
			dstSubfolderSpec = 0;
			files = (
			);
			runOnlyForDeploymentPostprocessing = 1;
		};
/* End PBXCopyFilesBuildPhase section */

/* Begin PBXFileReference section */
		AC127B5A1CB3722E006A4408 /* gnv-final */ = {isa = PBXFileReference; explicitFileType = "compiled.mach-o.executable"; includeInIndex = 0; path = "gnv-final"; sourceTree = BUILT_PRODUCTS_DIR; };
		AC127B5D1CB3722E006A4408 /* main.cpp */ = {isa = PBXFileReference; lastKnownFileType = sourcecode.cpp.cpp; path = main.cpp; sourceTree = "<group>"; };
		AC127B641CB37284006A4408 /* GLUT.framework */ = {isa = PBXFileReference; lastKnownFileType = wrapper.framework; name = GLUT.framework; path = System/Library/Frameworks/GLUT.framework; sourceTree = SDKROOT; };
		AC127B661CB372B4006A4408 /* OpenGL.framework */ = {isa = PBXFileReference; lastKnownFileType = wrapper.framework; name = OpenGL.framework; path = System/Library/Frameworks/OpenGL.framework; sourceTree = SDKROOT; };
		AC127B681CB3734A006A4408 /* hw5.h */ = {isa = PBXFileReference; fileEncoding = 4; lastKnownFileType = sourcecode.c.h; path = hw5.h; sourceTree = "<group>"; };
		ACD23DF41CB3C89000022267 /* Matrix2f.cpp */ = {isa = PBXFileReference; fileEncoding = 4; lastKnownFileType = sourcecode.cpp.cpp; path = Matrix2f.cpp; sourceTree = "<group>"; };
		ACD23DF51CB3C89000022267 /* Matrix2f.h */ = {isa = PBXFileReference; fileEncoding = 4; lastKnownFileType = sourcecode.c.h; path = Matrix2f.h; sourceTree = "<group>"; };
		ACD23DF61CB3C89000022267 /* Matrix3f.cpp */ = {isa = PBXFileReference; fileEncoding = 4; lastKnownFileType = sourcecode.cpp.cpp; path = Matrix3f.cpp; sourceTree = "<group>"; };
		ACD23DF71CB3C89000022267 /* Matrix3f.h */ = {isa = PBXFileReference; fileEncoding = 4; lastKnownFileType = sourcecode.c.h; path = Matrix3f.h; sourceTree = "<group>"; };
		ACD23DF81CB3C89000022267 /* Matrix4f.cpp */ = {isa = PBXFileReference; fileEncoding = 4; lastKnownFileType = sourcecode.cpp.cpp; path = Matrix4f.cpp; sourceTree = "<group>"; };
		ACD23DF91CB3C89000022267 /* Matrix4f.h */ = {isa = PBXFileReference; fileEncoding = 4; lastKnownFileType = sourcecode.c.h; path = Matrix4f.h; sourceTree = "<group>"; };
		ACD23DFA1CB3C89000022267 /* Quat4f.cpp */ = {isa = PBXFileReference; fileEncoding = 4; lastKnownFileType = sourcecode.cpp.cpp; path = Quat4f.cpp; sourceTree = "<group>"; };
		ACD23DFB1CB3C89000022267 /* Quat4f.h */ = {isa = PBXFileReference; fileEncoding = 4; lastKnownFileType = sourcecode.c.h; path = Quat4f.h; sourceTree = "<group>"; };
		ACD23DFC1CB3C89000022267 /* vecmath.h */ = {isa = PBXFileReference; fileEncoding = 4; lastKnownFileType = sourcecode.c.h; path = vecmath.h; sourceTree = "<group>"; };
		ACD23DFD1CB3C89000022267 /* Vector2f.cpp */ = {isa = PBXFileReference; fileEncoding = 4; lastKnownFileType = sourcecode.cpp.cpp; path = Vector2f.cpp; sourceTree = "<group>"; };
		ACD23DFE1CB3C89000022267 /* Vector2f.h */ = {isa = PBXFileReference; fileEncoding = 4; lastKnownFileType = sourcecode.c.h; path = Vector2f.h; sourceTree = "<group>"; };
		ACD23DFF1CB3C89000022267 /* Vector3f.cpp */ = {isa = PBXFileReference; fileEncoding = 4; lastKnownFileType = sourcecode.cpp.cpp; path = Vector3f.cpp; sourceTree = "<group>"; };
		ACD23E001CB3C89000022267 /* Vector3f.h */ = {isa = PBXFileReference; fileEncoding = 4; lastKnownFileType = sourcecode.c.h; path = Vector3f.h; sourceTree = "<group>"; };
		ACD23E011CB3C89000022267 /* Vector4f.cpp */ = {isa = PBXFileReference; fileEncoding = 4; lastKnownFileType = sourcecode.cpp.cpp; path = Vector4f.cpp; sourceTree = "<group>"; };
		ACD23E021CB3C89000022267 /* Vector4f.h */ = {isa = PBXFileReference; fileEncoding = 4; lastKnownFileType = sourcecode.c.h; path = Vector4f.h; sourceTree = "<group>"; };
/* End PBXFileReference section */

/* Begin PBXFrameworksBuildPhase section */
		AC127B571CB3722E006A4408 /* Frameworks */ = {
			isa = PBXFrameworksBuildPhase;
			buildActionMask = 2147483647;
			files = (
				AC127B671CB372B4006A4408 /* OpenGL.framework in Frameworks */,
				AC127B651CB37284006A4408 /* GLUT.framework in Frameworks */,
			);
			runOnlyForDeploymentPostprocessing = 0;
		};
/* End PBXFrameworksBuildPhase section */

/* Begin PBXGroup section */
		AC127B511CB3722E006A4408 = {
			isa = PBXGroup;
			children = (
				AC127B661CB372B4006A4408 /* OpenGL.framework */,
				AC127B641CB37284006A4408 /* GLUT.framework */,
				AC127B5C1CB3722E006A4408 /* gnv-final */,
				AC127B5B1CB3722E006A4408 /* Products */,
				ACD23DF31CB3C89000022267 /* vecmath */,
			);
			sourceTree = "<group>";
		};
		AC127B5B1CB3722E006A4408 /* Products */ = {
			isa = PBXGroup;
			children = (
				AC127B5A1CB3722E006A4408 /* gnv-final */,
			);
			name = Products;
			sourceTree = "<group>";
		};
		AC127B5C1CB3722E006A4408 /* gnv-final */ = {
			isa = PBXGroup;
			children = (
				AC127B5D1CB3722E006A4408 /* main.cpp */,
				AC127B681CB3734A006A4408 /* hw5.h */,
			);
			path = "gnv-final";
			sourceTree = "<group>";
		};
		ACD23DF31CB3C89000022267 /* vecmath */ = {
			isa = PBXGroup;
			children = (
				ACD23DF41CB3C89000022267 /* Matrix2f.cpp */,
				ACD23DF51CB3C89000022267 /* Matrix2f.h */,
				ACD23DF61CB3C89000022267 /* Matrix3f.cpp */,
				ACD23DF71CB3C89000022267 /* Matrix3f.h */,
				ACD23DF81CB3C89000022267 /* Matrix4f.cpp */,
				ACD23DF91CB3C89000022267 /* Matrix4f.h */,
				ACD23DFA1CB3C89000022267 /* Quat4f.cpp */,
				ACD23DFB1CB3C89000022267 /* Quat4f.h */,
				ACD23DFC1CB3C89000022267 /* vecmath.h */,
				ACD23DFD1CB3C89000022267 /* Vector2f.cpp */,
				ACD23DFE1CB3C89000022267 /* Vector2f.h */,
				ACD23DFF1CB3C89000022267 /* Vector3f.cpp */,
				ACD23E001CB3C89000022267 /* Vector3f.h */,
				ACD23E011CB3C89000022267 /* Vector4f.cpp */,
				ACD23E021CB3C89000022267 /* Vector4f.h */,
			);
			name = vecmath;
			path = "gnv-final/vecmath";
			sourceTree = "<group>";
		};
/* End PBXGroup section */

/* Begin PBXNativeTarget section */
		AC127B591CB3722E006A4408 /* gnv-final */ = {
			isa = PBXNativeTarget;
			buildConfigurationList = AC127B611CB3722E006A4408 /* Build configuration list for PBXNativeTarget "gnv-final" */;
			buildPhases = (
				AC127B561CB3722E006A4408 /* Sources */,
				AC127B571CB3722E006A4408 /* Frameworks */,
				AC127B581CB3722E006A4408 /* CopyFiles */,
			);
			buildRules = (
			);
			dependencies = (
			);
			name = "gnv-final";
			productName = "gnv-final";
			productReference = AC127B5A1CB3722E006A4408 /* gnv-final */;
			productType = "com.apple.product-type.tool";
		};
/* End PBXNativeTarget section */

/* Begin PBXProject section */
		AC127B521CB3722E006A4408 /* Project object */ = {
			isa = PBXProject;
			attributes = {
				LastUpgradeCheck = 0730;
				ORGANIZATIONNAME = dhrubajit;
				TargetAttributes = {
					AC127B591CB3722E006A4408 = {
						CreatedOnToolsVersion = 7.3;
					};
				};
			};
			buildConfigurationList = AC127B551CB3722E006A4408 /* Build configuration list for PBXProject "gnv-final" */;
			compatibilityVersion = "Xcode 3.2";
			developmentRegion = English;
			hasScannedForEncodings = 0;
			knownRegions = (
				en,
			);
			mainGroup = AC127B511CB3722E006A4408;
			productRefGroup = AC127B5B1CB3722E006A4408 /* Products */;
			projectDirPath = "";
			projectRoot = "";
			targets = (
				AC127B591CB3722E006A4408 /* gnv-final */,
			);
		};
/* End PBXProject section */

/* Begin PBXSourcesBuildPhase section */
		AC127B561CB3722E006A4408 /* Sources */ = {
			isa = PBXSourcesBuildPhase;
			buildActionMask = 2147483647;
			files = (
				ACD23E051CB3C89000022267 /* Matrix4f.cpp in Sources */,
				ACD23E041CB3C89000022267 /* Matrix3f.cpp in Sources */,
				ACD23E091CB3C89000022267 /* Vector4f.cpp in Sources */,
				ACD23E071CB3C89000022267 /* Vector2f.cpp in Sources */,
				ACD23E061CB3C89000022267 /* Quat4f.cpp in Sources */,
				ACD23E031CB3C89000022267 /* Matrix2f.cpp in Sources */,
				ACD23E081CB3C89000022267 /* Vector3f.cpp in Sources */,
				AC127B5E1CB3722E006A4408 /* main.cpp in Sources */,
			);
			runOnlyForDeploymentPostprocessing = 0;
		};
/* End PBXSourcesBuildPhase section */

/* Begin XCBuildConfiguration section */
		AC127B5F1CB3722E006A4408 /* Debug */ = {
			isa = XCBuildConfiguration;
			buildSettings = {
				ALWAYS_SEARCH_USER_PATHS = NO;
				CLANG_ANALYZER_NONNULL = YES;
				CLANG_CXX_LANGUAGE_STANDARD = "gnu++0x";
				CLANG_CXX_LIBRARY = "libc++";
				CLANG_ENABLE_MODULES = YES;
				CLANG_ENABLE_OBJC_ARC = YES;
				CLANG_WARN_BOOL_CONVERSION = YES;
				CLANG_WARN_CONSTANT_CONVERSION = YES;
				CLANG_WARN_DIRECT_OBJC_ISA_USAGE = YES_ERROR;
				CLANG_WARN_EMPTY_BODY = YES;
				CLANG_WARN_ENUM_CONVERSION = YES;
				CLANG_WARN_INT_CONVERSION = YES;
				CLANG_WARN_OBJC_ROOT_CLASS = YES_ERROR;
				CLANG_WARN_UNREACHABLE_CODE = YES;
				CLANG_WARN__DUPLICATE_METHOD_MATCH = YES;
				CODE_SIGN_IDENTITY = "-";
				COPY_PHASE_STRIP = NO;
				DEBUG_INFORMATION_FORMAT = dwarf;
				ENABLE_STRICT_OBJC_MSGSEND = YES;
				ENABLE_TESTABILITY = YES;
				GCC_C_LANGUAGE_STANDARD = gnu99;
				GCC_DYNAMIC_NO_PIC = NO;
				GCC_NO_COMMON_BLOCKS = YES;
				GCC_OPTIMIZATION_LEVEL = 0;
				GCC_PREPROCESSOR_DEFINITIONS = (
					"DEBUG=1",
					"$(inherited)",
				);
				GCC_WARN_64_TO_32_BIT_CONVERSION = YES;
				GCC_WARN_ABOUT_RETURN_TYPE = YES_ERROR;
				GCC_WARN_UNDECLARED_SELECTOR = YES;
				GCC_WARN_UNINITIALIZED_AUTOS = YES_AGGRESSIVE;
				GCC_WARN_UNUSED_FUNCTION = YES;
				GCC_WARN_UNUSED_VARIABLE = YES;
				MACOSX_DEPLOYMENT_TARGET = 10.11;
				MTL_ENABLE_DEBUG_INFO = YES;
				ONLY_ACTIVE_ARCH = YES;
				SDKROOT = macosx;
			};
			name = Debug;
		};
		AC127B601CB3722E006A4408 /* Release */ = {
			isa = XCBuildConfiguration;
			buildSettings = {
				ALWAYS_SEARCH_USER_PATHS = NO;
				CLANG_ANALYZER_NONNULL = YES;
				CLANG_CXX_LANGUAGE_STANDARD = "gnu++0x";
				CLANG_CXX_LIBRARY = "libc++";
				CLANG_ENABLE_MODULES = YES;
				CLANG_ENABLE_OBJC_ARC = YES;
				CLANG_WARN_BOOL_CONVERSION = YES;
				CLANG_WARN_CONSTANT_CONVERSION = YES;
				CLANG_WARN_DIRECT_OBJC_ISA_USAGE = YES_ERROR;
				CLANG_WARN_EMPTY_BODY = YES;
				CLANG_WARN_ENUM_CONVERSION = YES;
				CLANG_WARN_INT_CONVERSION = YES;
				CLANG_WARN_OBJC_ROOT_CLASS = YES_ERROR;
				CLANG_WARN_UNREACHABLE_CODE = YES;
				CLANG_WARN__DUPLICATE_METHOD_MATCH = YES;
				CODE_SIGN_IDENTITY = "-";
				COPY_PHASE_STRIP = NO;
				DEBUG_INFORMATION_FORMAT = "dwarf-with-dsym";
				ENABLE_NS_ASSERTIONS = NO;
				ENABLE_STRICT_OBJC_MSGSEND = YES;
				GCC_C_LANGUAGE_STANDARD = gnu99;
				GCC_NO_COMMON_BLOCKS = YES;
				GCC_WARN_64_TO_32_BIT_CONVERSION = YES;
				GCC_WARN_ABOUT_RETURN_TYPE = YES_ERROR;
				GCC_WARN_UNDECLARED_SELECTOR = YES;
				GCC_WARN_UNINITIALIZED_AUTOS = YES_AGGRESSIVE;
				GCC_WARN_UNUSED_FUNCTION = YES;
				GCC_WARN_UNUSED_VARIABLE = YES;
				MACOSX_DEPLOYMENT_TARGET = 10.11;
				MTL_ENABLE_DEBUG_INFO = NO;
				SDKROOT = macosx;
			};
			name = Release;
		};
		AC127B621CB3722E006A4408 /* Debug */ = {
			isa = XCBuildConfiguration;
			buildSettings = {
				LIBRARY_SEARCH_PATHS = (
					"$(inherited)",
					"$(PROJECT_DIR)/gnv-final/vecmath/lib",
				);
				PRODUCT_NAME = "$(TARGET_NAME)";
			};
			name = Debug;
		};
		AC127B631CB3722E006A4408 /* Release */ = {
			isa = XCBuildConfiguration;
			buildSettings = {
				LIBRARY_SEARCH_PATHS = (
					"$(inherited)",
					"$(PROJECT_DIR)/gnv-final/vecmath/lib",
				);
				PRODUCT_NAME = "$(TARGET_NAME)";
			};
			name = Release;
		};
/* End XCBuildConfiguration section */

/* Begin XCConfigurationList section */
		AC127B551CB3722E006A4408 /* Build configuration list for PBXProject "gnv-final" */ = {
			isa = XCConfigurationList;
			buildConfigurations = (
				AC127B5F1CB3722E006A4408 /* Debug */,
				AC127B601CB3722E006A4408 /* Release */,
			);
			defaultConfigurationIsVisible = 0;
			defaultConfigurationName = Release;
		};
		AC127B611CB3722E006A4408 /* Build configuration list for PBXNativeTarget "gnv-final" */ = {
			isa = XCConfigurationList;
			buildConfigurations = (
				AC127B621CB3722E006A4408 /* Debug */,
				AC127B631CB3722E006A4408 /* Release */,
			);
			defaultConfigurationIsVisible = 0;
			defaultConfigurationName = Release;
		};
/* End XCConfigurationList section */
	};
	rootObject = AC127B521CB3722E006A4408 /* Project object */;
}
